
Microsoft Visual Studio Solution File, Format Version 12.00
# Visual Studio Version 17
VisualStudioVersion = 17.7.34202.233
MinimumVisualStudioVersion = 10.0.40219.1
Project("{FAE04EC0-301F-11D3-BF4B-00C04F79EFBC}") = "RGIS_WebApp", "RGIS_WebApp\RGIS_WebApp.csproj", "{FCA53508-13F4-450D-B248-896B32DE1D76}"
EndProject
Global
	GlobalSection(SolutionConfigurationPlatforms) = preSolution
		Debug|Any CPU = Debug|Any CPU
		Release|Any CPU = Release|Any CPU
	EndGlobalSection
	GlobalSection(ProjectConfigurationPlatforms) = postSolution
		{FCA53508-13F4-450D-B248-896B32DE1D76}.Debug|Any CPU.ActiveCfg = Debug|Any CPU
		{FCA53508-13F4-450D-B248-896B32DE1D76}.Debug|Any CPU.Build.0 = Debug|Any CPU
		{FCA53508-13F4-450D-B248-896B32DE1D76}.Release|Any CPU.ActiveCfg = Release|Any CPU
		{FCA53508-13F4-450D-B248-896B32DE1D76}.Release|Any CPU.Build.0 = Release|Any CPU
	EndGlobalSection
	GlobalSection(SolutionProperties) = preSolution
		HideSolutionNode = FALSE
	EndGlobalSection
	GlobalSection(ExtensibilityGlobals) = postSolution
		SolutionGuid = {C5187185-A428-4222-B583-D633E9E9C5B6}
	EndGlobalSection
EndGlobal
